
Microsoft Visual Studio Solution File, Format Version 12.00
# Visual Studio Version 17
VisualStudioVersion = 17.8.34525.116
MinimumVisualStudioVersion = 10.0.40219.1
Project("{FAE04EC0-301F-11D3-BF4B-00C04F79EFBC}") = "Actividad1", "Actividad1\Actividad1.csproj", "{5B8280FC-3991-49BB-A44F-4C913CCD7369}"
EndProject
Global
	GlobalSection(SolutionConfigurationPlatforms) = preSolution
		Debug|Any CPU = Debug|Any CPU
		Release|Any CPU = Release|Any CPU
	EndGlobalSection
	GlobalSection(ProjectConfigurationPlatforms) = postSolution
		{5B8280FC-3991-49BB-A44F-4C913CCD7369}.Debug|Any CPU.ActiveCfg = Debug|Any CPU
		{5B8280FC-3991-49BB-A44F-4C913CCD7369}.Debug|Any CPU.Build.0 = Debug|Any CPU
		{5B8280FC-3991-49BB-A44F-4C913CCD7369}.Release|Any CPU.ActiveCfg = Release|Any CPU
		{5B8280FC-3991-49BB-A44F-4C913CCD7369}.Release|Any CPU.Build.0 = Release|Any CPU
	EndGlobalSection
	GlobalSection(SolutionProperties) = preSolution
		HideSolutionNode = FALSE
	EndGlobalSection
	GlobalSection(ExtensibilityGlobals) = postSolution
		SolutionGuid = {A76F2DC5-9408-423C-A326-A7907CE21E4C}
	EndGlobalSection
EndGlobal
